// !$*UTF8*$!
{
	archiveVersion = 1;
	classes = {
	};
	objectVersion = 50;
	objects = {

/* Begin PBXBuildFile section */
		35E3EF42259A26FE00B138ED /* PhotoCollageApp.swift in Sources */ = {isa = PBXBuildFile; fileRef = 35E3EF41259A26FE00B138ED /* PhotoCollageApp.swift */; };
		35E3EF44259A26FE00B138ED /* MainView.swift in Sources */ = {isa = PBXBuildFile; fileRef = 35E3EF43259A26FE00B138ED /* MainView.swift */; };
		35E3EF46259A26FF00B138ED /* Assets.xcassets in Resources */ = {isa = PBXBuildFile; fileRef = 35E3EF45259A26FF00B138ED /* Assets.xcassets */; };
		35E3EF49259A26FF00B138ED /* Preview Assets.xcassets in Resources */ = {isa = PBXBuildFile; fileRef = 35E3EF48259A26FF00B138ED /* Preview Assets.xcassets */; };
		35E3EF58259A274C00B138ED /* WidgetKit.framework in Frameworks */ = {isa = PBXBuildFile; fileRef = 35E3EF57259A274C00B138ED /* WidgetKit.framework */; };
		35E3EF5A259A274C00B138ED /* SwiftUI.framework in Frameworks */ = {isa = PBXBuildFile; fileRef = 35E3EF59259A274C00B138ED /* SwiftUI.framework */; };
		35E3EF5D259A274C00B138ED /* PhotoCollageWidget.swift in Sources */ = {isa = PBXBuildFile; fileRef = 35E3EF5C259A274C00B138ED /* PhotoCollageWidget.swift */; };
		35E3EF5F259A274D00B138ED /* Assets.xcassets in Resources */ = {isa = PBXBuildFile; fileRef = 35E3EF5E259A274D00B138ED /* Assets.xcassets */; };
		35E3EF63259A274D00B138ED /* PhotoCollageWidgetExtension.appex in Embed App Extensions */ = {isa = PBXBuildFile; fileRef = 35E3EF55259A274C00B138ED /* PhotoCollageWidgetExtension.appex */; settings = {ATTRIBUTES = (RemoveHeadersOnCopy, ); }; };
		35E3EF6B259A57C500B138ED /* PhotosProvider.swift in Sources */ = {isa = PBXBuildFile; fileRef = 35E3EF6A259A57C500B138ED /* PhotosProvider.swift */; };
		35E3EF6E259A58C100B138ED /* PhotosProvider.swift in Sources */ = {isa = PBXBuildFile; fileRef = 35E3EF6A259A57C500B138ED /* PhotosProvider.swift */; };
		35E3EF72259A593300B138ED /* PhotoCollageWidgetView.swift in Sources */ = {isa = PBXBuildFile; fileRef = 35E3EF71259A593300B138ED /* PhotoCollageWidgetView.swift */; };
		35E3EF75259B5F7100B138ED /* MainView.swift in Sources */ = {isa = PBXBuildFile; fileRef = 35E3EF43259A26FE00B138ED /* MainView.swift */; };
		35E3EF7D259B60C800B138ED /* Assets.xcassets in Resources */ = {isa = PBXBuildFile; fileRef = 35E3EF5E259A274D00B138ED /* Assets.xcassets */; };
/* End PBXBuildFile section */

/* Begin PBXContainerItemProxy section */
		35E3EF61259A274D00B138ED /* PBXContainerItemProxy */ = {
			isa = PBXContainerItemProxy;
			containerPortal = 35E3EF36259A26FE00B138ED /* Project object */;
			proxyType = 1;
			remoteGlobalIDString = 35E3EF54259A274C00B138ED;
			remoteInfo = PhotoCollageWidgetExtension;
		};
/* End PBXContainerItemProxy section */

/* Begin PBXCopyFilesBuildPhase section */
		35E3EF67259A274D00B138ED /* Embed App Extensions */ = {
			isa = PBXCopyFilesBuildPhase;
			buildActionMask = 2147483647;
			dstPath = "";
			dstSubfolderSpec = 13;
			files = (
				35E3EF63259A274D00B138ED /* PhotoCollageWidgetExtension.appex in Embed App Extensions */,
			);
			name = "Embed App Extensions";
			runOnlyForDeploymentPostprocessing = 0;
		};
/* End PBXCopyFilesBuildPhase section */

/* Begin PBXFileReference section */
		35E3EF3E259A26FE00B138ED /* PhotoCollage.app */ = {isa = PBXFileReference; explicitFileType = wrapper.application; includeInIndex = 0; path = PhotoCollage.app; sourceTree = BUILT_PRODUCTS_DIR; };
		35E3EF41259A26FE00B138ED /* PhotoCollageApp.swift */ = {isa = PBXFileReference; lastKnownFileType = sourcecode.swift; path = PhotoCollageApp.swift; sourceTree = "<group>"; };
		35E3EF43259A26FE00B138ED /* MainView.swift */ = {isa = PBXFileReference; lastKnownFileType = sourcecode.swift; path = MainView.swift; sourceTree = "<group>"; };
		35E3EF45259A26FF00B138ED /* Assets.xcassets */ = {isa = PBXFileReference; lastKnownFileType = folder.assetcatalog; path = Assets.xcassets; sourceTree = "<group>"; };
		35E3EF48259A26FF00B138ED /* Preview Assets.xcassets */ = {isa = PBXFileReference; lastKnownFileType = folder.assetcatalog; path = "Preview Assets.xcassets"; sourceTree = "<group>"; };
		35E3EF4A259A26FF00B138ED /* Info.plist */ = {isa = PBXFileReference; lastKnownFileType = text.plist.xml; path = Info.plist; sourceTree = "<group>"; };
		35E3EF55259A274C00B138ED /* PhotoCollageWidgetExtension.appex */ = {isa = PBXFileReference; explicitFileType = "wrapper.app-extension"; includeInIndex = 0; path = PhotoCollageWidgetExtension.appex; sourceTree = BUILT_PRODUCTS_DIR; };
		35E3EF57259A274C00B138ED /* WidgetKit.framework */ = {isa = PBXFileReference; lastKnownFileType = wrapper.framework; name = WidgetKit.framework; path = System/Library/Frameworks/WidgetKit.framework; sourceTree = SDKROOT; };
		35E3EF59259A274C00B138ED /* SwiftUI.framework */ = {isa = PBXFileReference; lastKnownFileType = wrapper.framework; name = SwiftUI.framework; path = System/Library/Frameworks/SwiftUI.framework; sourceTree = SDKROOT; };
		35E3EF5C259A274C00B138ED /* PhotoCollageWidget.swift */ = {isa = PBXFileReference; lastKnownFileType = sourcecode.swift; path = PhotoCollageWidget.swift; sourceTree = "<group>"; };
		35E3EF5E259A274D00B138ED /* Assets.xcassets */ = {isa = PBXFileReference; lastKnownFileType = folder.assetcatalog; path = Assets.xcassets; sourceTree = "<group>"; };
		35E3EF60259A274D00B138ED /* Info.plist */ = {isa = PBXFileReference; lastKnownFileType = text.plist.xml; path = Info.plist; sourceTree = "<group>"; };
		35E3EF6A259A57C500B138ED /* PhotosProvider.swift */ = {isa = PBXFileReference; lastKnownFileType = sourcecode.swift; path = PhotosProvider.swift; sourceTree = "<group>"; };
		35E3EF71259A593300B138ED /* PhotoCollageWidgetView.swift */ = {isa = PBXFileReference; lastKnownFileType = sourcecode.swift; path = PhotoCollageWidgetView.swift; sourceTree = "<group>"; };
/* End PBXFileReference section */

/* Begin PBXFrameworksBuildPhase section */
		35E3EF3B259A26FE00B138ED /* Frameworks */ = {
			isa = PBXFrameworksBuildPhase;
			buildActionMask = 2147483647;
			files = (
			);
			runOnlyForDeploymentPostprocessing = 0;
		};
		35E3EF52259A274C00B138ED /* Frameworks */ = {
			isa = PBXFrameworksBuildPhase;
			buildActionMask = 2147483647;
			files = (
				35E3EF5A259A274C00B138ED /* SwiftUI.framework in Frameworks */,
				35E3EF58259A274C00B138ED /* WidgetKit.framework in Frameworks */,
			);
			runOnlyForDeploymentPostprocessing = 0;
		};
/* End PBXFrameworksBuildPhase section */

/* Begin PBXGroup section */
		35E3EF35259A26FE00B138ED = {
			isa = PBXGroup;
			children = (
				35E3EF40259A26FE00B138ED /* PhotoCollage */,
				35E3EF5B259A274C00B138ED /* PhotoCollageWidget */,
				35E3EF56259A274C00B138ED /* Frameworks */,
				35E3EF3F259A26FE00B138ED /* Products */,
			);
			sourceTree = "<group>";
		};
		35E3EF3F259A26FE00B138ED /* Products */ = {
			isa = PBXGroup;
			children = (
				35E3EF3E259A26FE00B138ED /* PhotoCollage.app */,
				35E3EF55259A274C00B138ED /* PhotoCollageWidgetExtension.appex */,
			);
			name = Products;
			sourceTree = "<group>";
		};
		35E3EF40259A26FE00B138ED /* PhotoCollage */ = {
			isa = PBXGroup;
			children = (
				35E3EF41259A26FE00B138ED /* PhotoCollageApp.swift */,
				35E3EF43259A26FE00B138ED /* MainView.swift */,
				35E3EF6A259A57C500B138ED /* PhotosProvider.swift */,
				35E3EF45259A26FF00B138ED /* Assets.xcassets */,
				35E3EF4A259A26FF00B138ED /* Info.plist */,
				35E3EF47259A26FF00B138ED /* Preview Content */,
			);
			path = PhotoCollage;
			sourceTree = "<group>";
		};
		35E3EF47259A26FF00B138ED /* Preview Content */ = {
			isa = PBXGroup;
			children = (
				35E3EF48259A26FF00B138ED /* Preview Assets.xcassets */,
			);
			path = "Preview Content";
			sourceTree = "<group>";
		};
		35E3EF56259A274C00B138ED /* Frameworks */ = {
			isa = PBXGroup;
			children = (
				35E3EF57259A274C00B138ED /* WidgetKit.framework */,
				35E3EF59259A274C00B138ED /* SwiftUI.framework */,
			);
			name = Frameworks;
			sourceTree = "<group>";
		};
		35E3EF5B259A274C00B138ED /* PhotoCollageWidget */ = {
			isa = PBXGroup;
			children = (
				35E3EF5C259A274C00B138ED /* PhotoCollageWidget.swift */,
				35E3EF71259A593300B138ED /* PhotoCollageWidgetView.swift */,
				35E3EF5E259A274D00B138ED /* Assets.xcassets */,
				35E3EF60259A274D00B138ED /* Info.plist */,
			);
			path = PhotoCollageWidget;
			sourceTree = "<group>";
		};
/* End PBXGroup section */

/* Begin PBXNativeTarget section */
		35E3EF3D259A26FE00B138ED /* PhotoCollage */ = {
			isa = PBXNativeTarget;
			buildConfigurationList = 35E3EF4D259A26FF00B138ED /* Build configuration list for PBXNativeTarget "PhotoCollage" */;
			buildPhases = (
				35E3EF3A259A26FE00B138ED /* Sources */,
				35E3EF3B259A26FE00B138ED /* Frameworks */,
				35E3EF3C259A26FE00B138ED /* Resources */,
				35E3EF67259A274D00B138ED /* Embed App Extensions */,
			);
			buildRules = (
			);
			dependencies = (
				35E3EF62259A274D00B138ED /* PBXTargetDependency */,
			);
			name = PhotoCollage;
			productName = PhotoCollage;
			productReference = 35E3EF3E259A26FE00B138ED /* PhotoCollage.app */;
			productType = "com.apple.product-type.application";
		};
		35E3EF54259A274C00B138ED /* PhotoCollageWidgetExtension */ = {
			isa = PBXNativeTarget;
			buildConfigurationList = 35E3EF64259A274D00B138ED /* Build configuration list for PBXNativeTarget "PhotoCollageWidgetExtension" */;
			buildPhases = (
				35E3EF51259A274C00B138ED /* Sources */,
				35E3EF52259A274C00B138ED /* Frameworks */,
				35E3EF53259A274C00B138ED /* Resources */,
			);
			buildRules = (
			);
			dependencies = (
			);
			name = PhotoCollageWidgetExtension;
			productName = PhotoCollageWidgetExtension;
			productReference = 35E3EF55259A274C00B138ED /* PhotoCollageWidgetExtension.appex */;
			productType = "com.apple.product-type.app-extension";
		};
/* End PBXNativeTarget section */

/* Begin PBXProject section */
		35E3EF36259A26FE00B138ED /* Project object */ = {
			isa = PBXProject;
			attributes = {
				LastSwiftUpdateCheck = 1230;
				LastUpgradeCheck = 1230;
				TargetAttributes = {
					35E3EF3D259A26FE00B138ED = {
						CreatedOnToolsVersion = 12.3;
					};
					35E3EF54259A274C00B138ED = {
						CreatedOnToolsVersion = 12.3;
					};
				};
			};
			buildConfigurationList = 35E3EF39259A26FE00B138ED /* Build configuration list for PBXProject "PhotoCollage" */;
			compatibilityVersion = "Xcode 9.3";
			developmentRegion = en;
			hasScannedForEncodings = 0;
			knownRegions = (
				en,
				Base,
			);
			mainGroup = 35E3EF35259A26FE00B138ED;
			productRefGroup = 35E3EF3F259A26FE00B138ED /* Products */;
			projectDirPath = "";
			projectRoot = "";
			targets = (
				35E3EF3D259A26FE00B138ED /* PhotoCollage */,
				35E3EF54259A274C00B138ED /* PhotoCollageWidgetExtension */,
			);
		};
/* End PBXProject section */

/* Begin PBXResourcesBuildPhase section */
		35E3EF3C259A26FE00B138ED /* Resources */ = {
			isa = PBXResourcesBuildPhase;
			buildActionMask = 2147483647;
			files = (
				35E3EF49259A26FF00B138ED /* Preview Assets.xcassets in Resources */,
				35E3EF7D259B60C800B138ED /* Assets.xcassets in Resources */,
				35E3EF46259A26FF00B138ED /* Assets.xcassets in Resources */,
			);
			runOnlyForDeploymentPostprocessing = 0;
		};
		35E3EF53259A274C00B138ED /* Resources */ = {
			isa = PBXResourcesBuildPhase;
			buildActionMask = 2147483647;
			files = (
				35E3EF5F259A274D00B138ED /* Assets.xcassets in Resources */,
			);
			runOnlyForDeploymentPostprocessing = 0;
		};
/* End PBXResourcesBuildPhase section */

/* Begin PBXSourcesBuildPhase section */
		35E3EF3A259A26FE00B138ED /* Sources */ = {
			isa = PBXSourcesBuildPhase;
			buildActionMask = 2147483647;
			files = (
				35E3EF44259A26FE00B138ED /* MainView.swift in Sources */,
				35E3EF42259A26FE00B138ED /* PhotoCollageApp.swift in Sources */,
				35E3EF6B259A57C500B138ED /* PhotosProvider.swift in Sources */,
			);
			runOnlyForDeploymentPostprocessing = 0;
		};
		35E3EF51259A274C00B138ED /* Sources */ = {
			isa = PBXSourcesBuildPhase;
			buildActionMask = 2147483647;
			files = (
				35E3EF72259A593300B138ED /* PhotoCollageWidgetView.swift in Sources */,
				35E3EF5D259A274C00B138ED /* PhotoCollageWidget.swift in Sources */,
				35E3EF75259B5F7100B138ED /* MainView.swift in Sources */,
				35E3EF6E259A58C100B138ED /* PhotosProvider.swift in Sources */,
			);
			runOnlyForDeploymentPostprocessing = 0;
		};
/* End PBXSourcesBuildPhase section */

/* Begin PBXTargetDependency section */
		35E3EF62259A274D00B138ED /* PBXTargetDependency */ = {
			isa = PBXTargetDependency;
			target = 35E3EF54259A274C00B138ED /* PhotoCollageWidgetExtension */;
			targetProxy = 35E3EF61259A274D00B138ED /* PBXContainerItemProxy */;
		};
/* End PBXTargetDependency section */

/* Begin XCBuildConfiguration section */
		35E3EF4B259A26FF00B138ED /* Debug */ = {
			isa = XCBuildConfiguration;
			buildSettings = {
				ALWAYS_SEARCH_USER_PATHS = NO;
				CLANG_ANALYZER_NONNULL = YES;
				CLANG_ANALYZER_NUMBER_OBJECT_CONVERSION = YES_AGGRESSIVE;
				CLANG_CXX_LANGUAGE_STANDARD = "gnu++14";
				CLANG_CXX_LIBRARY = "libc++";
				CLANG_ENABLE_MODULES = YES;
				CLANG_ENABLE_OBJC_ARC = YES;
				CLANG_ENABLE_OBJC_WEAK = YES;
				CLANG_WARN_BLOCK_CAPTURE_AUTORELEASING = YES;
				CLANG_WARN_BOOL_CONVERSION = YES;
				CLANG_WARN_COMMA = YES;
				CLANG_WARN_CONSTANT_CONVERSION = YES;
				CLANG_WARN_DEPRECATED_OBJC_IMPLEMENTATIONS = YES;
				CLANG_WARN_DIRECT_OBJC_ISA_USAGE = YES_ERROR;
				CLANG_WARN_DOCUMENTATION_COMMENTS = YES;
				CLANG_WARN_EMPTY_BODY = YES;
				CLANG_WARN_ENUM_CONVERSION = YES;
				CLANG_WARN_INFINITE_RECURSION = YES;
				CLANG_WARN_INT_CONVERSION = YES;
				CLANG_WARN_NON_LITERAL_NULL_CONVERSION = YES;
				CLANG_WARN_OBJC_IMPLICIT_RETAIN_SELF = YES;
				CLANG_WARN_OBJC_LITERAL_CONVERSION = YES;
				CLANG_WARN_OBJC_ROOT_CLASS = YES_ERROR;
				CLANG_WARN_QUOTED_INCLUDE_IN_FRAMEWORK_HEADER = YES;
				CLANG_WARN_RANGE_LOOP_ANALYSIS = YES;
				CLANG_WARN_STRICT_PROTOTYPES = YES;
				CLANG_WARN_SUSPICIOUS_MOVE = YES;
				CLANG_WARN_UNGUARDED_AVAILABILITY = YES_AGGRESSIVE;
				CLANG_WARN_UNREACHABLE_CODE = YES;
				CLANG_WARN__DUPLICATE_METHOD_MATCH = YES;
				COPY_PHASE_STRIP = NO;
				DEBUG_INFORMATION_FORMAT = dwarf;
				ENABLE_STRICT_OBJC_MSGSEND = YES;
				ENABLE_TESTABILITY = YES;
				GCC_C_LANGUAGE_STANDARD = gnu11;
				GCC_DYNAMIC_NO_PIC = NO;
				GCC_NO_COMMON_BLOCKS = YES;
				GCC_OPTIMIZATION_LEVEL = 0;
				GCC_PREPROCESSOR_DEFINITIONS = (
					"DEBUG=1",
					"$(inherited)",
				);
				GCC_WARN_64_TO_32_BIT_CONVERSION = YES;
				GCC_WARN_ABOUT_RETURN_TYPE = YES_ERROR;
				GCC_WARN_UNDECLARED_SELECTOR = YES;
				GCC_WARN_UNINITIALIZED_AUTOS = YES_AGGRESSIVE;
				GCC_WARN_UNUSED_FUNCTION = YES;
				GCC_WARN_UNUSED_VARIABLE = YES;
				IPHONEOS_DEPLOYMENT_TARGET = 14.3;
				MTL_ENABLE_DEBUG_INFO = INCLUDE_SOURCE;
				MTL_FAST_MATH = YES;
				ONLY_ACTIVE_ARCH = YES;
				SDKROOT = iphoneos;
				SWIFT_ACTIVE_COMPILATION_CONDITIONS = DEBUG;
				SWIFT_OPTIMIZATION_LEVEL = "-Onone";
			};
			name = Debug;
		};
		35E3EF4C259A26FF00B138ED /* Release */ = {
			isa = XCBuildConfiguration;
			buildSettings = {
				ALWAYS_SEARCH_USER_PATHS = NO;
				CLANG_ANALYZER_NONNULL = YES;
				CLANG_ANALYZER_NUMBER_OBJECT_CONVERSION = YES_AGGRESSIVE;
				CLANG_CXX_LANGUAGE_STANDARD = "gnu++14";
				CLANG_CXX_LIBRARY = "libc++";
				CLANG_ENABLE_MODULES = YES;
				CLANG_ENABLE_OBJC_ARC = YES;
				CLANG_ENABLE_OBJC_WEAK = YES;
				CLANG_WARN_BLOCK_CAPTURE_AUTORELEASING = YES;
				CLANG_WARN_BOOL_CONVERSION = YES;
				CLANG_WARN_COMMA = YES;
				CLANG_WARN_CONSTANT_CONVERSION = YES;
				CLANG_WARN_DEPRECATED_OBJC_IMPLEMENTATIONS = YES;
				CLANG_WARN_DIRECT_OBJC_ISA_USAGE = YES_ERROR;
				CLANG_WARN_DOCUMENTATION_COMMENTS = YES;
				CLANG_WARN_EMPTY_BODY = YES;
				CLANG_WARN_ENUM_CONVERSION = YES;
				CLANG_WARN_INFINITE_RECURSION = YES;
				CLANG_WARN_INT_CONVERSION = YES;
				CLANG_WARN_NON_LITERAL_NULL_CONVERSION = YES;
				CLANG_WARN_OBJC_IMPLICIT_RETAIN_SELF = YES;
				CLANG_WARN_OBJC_LITERAL_CONVERSION = YES;
				CLANG_WARN_OBJC_ROOT_CLASS = YES_ERROR;
				CLANG_WARN_QUOTED_INCLUDE_IN_FRAMEWORK_HEADER = YES;
				CLANG_WARN_RANGE_LOOP_ANALYSIS = YES;
				CLANG_WARN_STRICT_PROTOTYPES = YES;
				CLANG_WARN_SUSPICIOUS_MOVE = YES;
				CLANG_WARN_UNGUARDED_AVAILABILITY = YES_AGGRESSIVE;
				CLANG_WARN_UNREACHABLE_CODE = YES;
				CLANG_WARN__DUPLICATE_METHOD_MATCH = YES;
				COPY_PHASE_STRIP = NO;
				DEBUG_INFORMATION_FORMAT = "dwarf-with-dsym";
				ENABLE_NS_ASSERTIONS = NO;
				ENABLE_STRICT_OBJC_MSGSEND = YES;
				GCC_C_LANGUAGE_STANDARD = gnu11;
				GCC_NO_COMMON_BLOCKS = YES;
				GCC_WARN_64_TO_32_BIT_CONVERSION = YES;
				GCC_WARN_ABOUT_RETURN_TYPE = YES_ERROR;
				GCC_WARN_UNDECLARED_SELECTOR = YES;
				GCC_WARN_UNINITIALIZED_AUTOS = YES_AGGRESSIVE;
				GCC_WARN_UNUSED_FUNCTION = YES;
				GCC_WARN_UNUSED_VARIABLE = YES;
				IPHONEOS_DEPLOYMENT_TARGET = 14.3;
				MTL_ENABLE_DEBUG_INFO = NO;
				MTL_FAST_MATH = YES;
				SDKROOT = iphoneos;
				SWIFT_COMPILATION_MODE = wholemodule;
				SWIFT_OPTIMIZATION_LEVEL = "-O";
				VALIDATE_PRODUCT = YES;
			};
			name = Release;
		};
		35E3EF4E259A26FF00B138ED /* Debug */ = {
			isa = XCBuildConfiguration;
			buildSettings = {
				ALWAYS_EMBED_SWIFT_STANDARD_LIBRARIES = YES;
				ASSETCATALOG_COMPILER_APPICON_NAME = AppIcon;
				ASSETCATALOG_COMPILER_GLOBAL_ACCENT_COLOR_NAME = AccentColor;
				CODE_SIGN_STYLE = Automatic;
				DEVELOPMENT_ASSET_PATHS = "\"PhotoCollage/Preview Content\"";
				ENABLE_PREVIEWS = YES;
				INFOPLIST_FILE = PhotoCollage/Info.plist;
				IPHONEOS_DEPLOYMENT_TARGET = 14.0;
				LD_RUNPATH_SEARCH_PATHS = (
					"$(inherited)",
					"@executable_path/Frameworks",
				);
				PRODUCT_BUNDLE_IDENTIFIER = reshetnikd.PhotoCollage;
				PRODUCT_NAME = "$(TARGET_NAME)";
				SWIFT_VERSION = 5.0;
				TARGETED_DEVICE_FAMILY = "1,2";
			};
			name = Debug;
		};
		35E3EF4F259A26FF00B138ED /* Release */ = {
			isa = XCBuildConfiguration;
			buildSettings = {
				ALWAYS_EMBED_SWIFT_STANDARD_LIBRARIES = YES;
				ASSETCATALOG_COMPILER_APPICON_NAME = AppIcon;
				ASSETCATALOG_COMPILER_GLOBAL_ACCENT_COLOR_NAME = AccentColor;
				CODE_SIGN_STYLE = Automatic;
				DEVELOPMENT_ASSET_PATHS = "\"PhotoCollage/Preview Content\"";
				ENABLE_PREVIEWS = YES;
				INFOPLIST_FILE = PhotoCollage/Info.plist;
				IPHONEOS_DEPLOYMENT_TARGET = 14.0;
				LD_RUNPATH_SEARCH_PATHS = (
					"$(inherited)",
					"@executable_path/Frameworks",
				);
				PRODUCT_BUNDLE_IDENTIFIER = reshetnikd.PhotoCollage;
				PRODUCT_NAME = "$(TARGET_NAME)";
				SWIFT_VERSION = 5.0;
				TARGETED_DEVICE_FAMILY = "1,2";
			};
			name = Release;
		};
		35E3EF65259A274D00B138ED /* Debug */ = {
			isa = XCBuildConfiguration;
			buildSettings = {
				ASSETCATALOG_COMPILER_GLOBAL_ACCENT_COLOR_NAME = AccentColor;
				ASSETCATALOG_COMPILER_WIDGET_BACKGROUND_COLOR_NAME = WidgetBackground;
				CODE_SIGN_STYLE = Automatic;
				INFOPLIST_FILE = PhotoCollageWidget/Info.plist;
				LD_RUNPATH_SEARCH_PATHS = (
					"$(inherited)",
					"@executable_path/Frameworks",
					"@executable_path/../../Frameworks",
				);
				PRODUCT_BUNDLE_IDENTIFIER = reshetnikd.PhotoCollage.PhotoCollageWidget;
				PRODUCT_NAME = "$(TARGET_NAME)";
				SKIP_INSTALL = YES;
				SWIFT_VERSION = 5.0;
				TARGETED_DEVICE_FAMILY = "1,2";
			};
			name = Debug;
		};
		35E3EF66259A274D00B138ED /* Release */ = {
			isa = XCBuildConfiguration;
			buildSettings = {
				ASSETCATALOG_COMPILER_GLOBAL_ACCENT_COLOR_NAME = AccentColor;
				ASSETCATALOG_COMPILER_WIDGET_BACKGROUND_COLOR_NAME = WidgetBackground;
				CODE_SIGN_STYLE = Automatic;
				INFOPLIST_FILE = PhotoCollageWidget/Info.plist;
				LD_RUNPATH_SEARCH_PATHS = (
					"$(inherited)",
					"@executable_path/Frameworks",
					"@executable_path/../../Frameworks",
				);
				PRODUCT_BUNDLE_IDENTIFIER = reshetnikd.PhotoCollage.PhotoCollageWidget;
				PRODUCT_NAME = "$(TARGET_NAME)";
				SKIP_INSTALL = YES;
				SWIFT_VERSION = 5.0;
				TARGETED_DEVICE_FAMILY = "1,2";
			};
			name = Release;
		};
/* End XCBuildConfiguration section */

/* Begin XCConfigurationList section */
		35E3EF39259A26FE00B138ED /* Build configuration list for PBXProject "PhotoCollage" */ = {
			isa = XCConfigurationList;
			buildConfigurations = (
				35E3EF4B259A26FF00B138ED /* Debug */,
				35E3EF4C259A26FF00B138ED /* Release */,
			);
			defaultConfigurationIsVisible = 0;
			defaultConfigurationName = Release;
		};
		35E3EF4D259A26FF00B138ED /* Build configuration list for PBXNativeTarget "PhotoCollage" */ = {
			isa = XCConfigurationList;
			buildConfigurations = (
				35E3EF4E259A26FF00B138ED /* Debug */,
				35E3EF4F259A26FF00B138ED /* Release */,
			);
			defaultConfigurationIsVisible = 0;
			defaultConfigurationName = Release;
		};
		35E3EF64259A274D00B138ED /* Build configuration list for PBXNativeTarget "PhotoCollageWidgetExtension" */ = {
			isa = XCConfigurationList;
			buildConfigurations = (
				35E3EF65259A274D00B138ED /* Debug */,
				35E3EF66259A274D00B138ED /* Release */,
			);
			defaultConfigurationIsVisible = 0;
			defaultConfigurationName = Release;
		};
/* End XCConfigurationList section */
	};
	rootObject = 35E3EF36259A26FE00B138ED /* Project object */;
}
